{
  "name": "data",
  "version": "1.0.0",
  "lockfileVersion": 2,
  "requires": true,
  "packages": {
    "": {
      "name": "data",
      "version": "1.0.0",
      "license": "ISC",
      "dependencies": {
        "is-svg": "^4.3.2",
        "svg-captcha-fixed": "^1.5.2"
      }
    },
    "node_modules/fast-xml-parser": {
      "version": "3.21.1",
      "resolved": "https://registry.npmjs.org/fast-xml-parser/-/fast-xml-parser-3.21.1.tgz",
      "integrity": "sha512-FTFVjYoBOZTJekiUsawGsSYV9QL0A+zDYCRj7y34IO6Jg+2IMYEtQa+bbictpdpV8dHxXywqU7C0gRDEOFtBFg==",
      "dependencies": {
        "strnum": "^1.0.4"
      },
      "bin": {
        "xml2js": "cli.js"
      },
      "funding": {
        "type": "paypal",
        "url": "https://paypal.me/naturalintelligence"
      }
    },
    "node_modules/is-svg": {
      "version": "4.3.2",
      "resolved": "https://registry.npmjs.org/is-svg/-/is-svg-4.3.2.tgz",
      "integrity": "sha512-mM90duy00JGMyjqIVHu9gNTjywdZV+8qNasX8cm/EEYZ53PHDgajvbBwNVvty5dwSAxLUD3p3bdo+7sR/UMrpw==",
      "dependencies": {
        "fast-xml-parser": "^3.19.0"
      },
      "engines": {
        "node": ">=6"
      },
      "funding": {
        "url": "https://github.com/sponsors/sindresorhus"
      }
    },
    "node_modules/opentype.js": {
      "version": "0.7.3",
      "resolved": "https://registry.npmjs.org/opentype.js/-/opentype.js-0.7.3.tgz",
      "integrity": "sha512-Veui5vl2bLonFJ/SjX/WRWJT3SncgiZNnKUyahmXCc2sa1xXW15u3R/3TN5+JFiP7RsjK5ER4HA5eWaEmV9deA==",
      "dependencies": {
        "tiny-inflate": "^1.0.2"
      },
      "bin": {
        "ot": "bin/ot"
      }
    },
    "node_modules/strnum": {
      "version": "1.0.5",
      "resolved": "https://registry.npmjs.org/strnum/-/strnum-1.0.5.tgz",
      "integrity": "sha512-J8bbNyKKXl5qYcR36TIO8W3mVGVHrmmxsd5PAItGkmyzwJvybiw2IVq5nqd0i4LSNSkB/sx9VHllbfFdr9k1JA=="
    },
    "node_modules/svg-captcha-fixed": {
      "version": "1.5.2",
      "resolved": "https://registry.npmjs.org/svg-captcha-fixed/-/svg-captcha-fixed-1.5.2.tgz",
      "integrity": "sha512-BRnoEq7u3ZRxFvYmPbCer7k6OhZ3gXd9LELmPOFBVCMHnqsS3meTjrWpn6vu986uxzU/Yx8L8I6ZpAppdmfjTQ==",
      "dependencies": {
        "opentype.js": "^0.7.3"
      },
      "engines": {
        "node": ">=4.x"
      }
    },
    "node_modules/tiny-inflate": {
      "version": "1.0.3",
      "resolved": "https://registry.npmjs.org/tiny-inflate/-/tiny-inflate-1.0.3.tgz",
      "integrity": "sha512-pkY1fj1cKHb2seWDy0B16HeWyczlJA9/WW3u3c4z/NiWDsO3DOU5D7nhTLE9CF0yXv/QZFY7sEJmj24dK+Rrqw=="
    }
  },
  "dependencies": {
    "fast-xml-parser": {
      "version": "3.21.1",
      "resolved": "https://registry.npmjs.org/fast-xml-parser/-/fast-xml-parser-3.21.1.tgz",
      "integrity": "sha512-FTFVjYoBOZTJekiUsawGsSYV9QL0A+zDYCRj7y34IO6Jg+2IMYEtQa+bbictpdpV8dHxXywqU7C0gRDEOFtBFg==",
      "requires": {
        "strnum": "^1.0.4"
      }
    },
    "is-svg": {
      "version": "4.3.2",
      "resolved": "https://registry.npmjs.org/is-svg/-/is-svg-4.3.2.tgz",
      "integrity": "sha512-mM90duy00JGMyjqIVHu9gNTjywdZV+8qNasX8cm/EEYZ53PHDgajvbBwNVvty5dwSAxLUD3p3bdo+7sR/UMrpw==",
      "requires": {
        "fast-xml-parser": "^3.19.0"
      }
    },
    "opentype.js": {
      "version": "0.7.3",
      "resolved": "https://registry.npmjs.org/opentype.js/-/opentype.js-0.7.3.tgz",
      "integrity": "sha512-Veui5vl2bLonFJ/SjX/WRWJT3SncgiZNnKUyahmXCc2sa1xXW15u3R/3TN5+JFiP7RsjK5ER4HA5eWaEmV9deA==",
      "requires": {
        "tiny-inflate": "^1.0.2"
      }
    },
    "strnum": {
      "version": "1.0.5",
      "resolved": "https://registry.npmjs.org/strnum/-/strnum-1.0.5.tgz",
      "integrity": "sha512-J8bbNyKKXl5qYcR36TIO8W3mVGVHrmmxsd5PAItGkmyzwJvybiw2IVq5nqd0i4LSNSkB/sx9VHllbfFdr9k1JA=="
    },
    "svg-captcha-fixed": {
      "version": "1.5.2",
      "resolved": "https://registry.npmjs.org/svg-captcha-fixed/-/svg-captcha-fixed-1.5.2.tgz",
      "integrity": "sha512-BRnoEq7u3ZRxFvYmPbCer7k6OhZ3gXd9LELmPOFBVCMHnqsS3meTjrWpn6vu986uxzU/Yx8L8I6ZpAppdmfjTQ==",
      "requires": {
        "opentype.js": "^0.7.3"
      }
    },
    "tiny-inflate": {
      "version": "1.0.3",
      "resolved": "https://registry.npmjs.org/tiny-inflate/-/tiny-inflate-1.0.3.tgz",
      "integrity": "sha512-pkY1fj1cKHb2seWDy0B16HeWyczlJA9/WW3u3c4z/NiWDsO3DOU5D7nhTLE9CF0yXv/QZFY7sEJmj24dK+Rrqw=="
    }
  }
}
